{
  "version": 4,
  "terraform_version": "1.8.0",
  "serial": 73,
  "lineage": "7111b37c-0f5f-9379-0f6d-92fdfc56b567",
  "outputs": {
    "dynamodb_table_arn": {
      "value": "arn:aws:dynamodb:eu-north-1:730335513786:table/candidate-5-inventory",
      "type": "string"
    },
    "dynamodb_table_name": {
      "value": "candidate-5-inventory",
      "type": "string"
    },
    "lambda_function_arn": {
      "value": "arn:aws:lambda:eu-north-1:730335513786:function:candidate-5-InventoryLambdaFunction",
      "type": "string"
    }
  },
  "resources": [
    {
      "module": "module.dynamodb_inventory",
      "mode": "managed",
      "type": "aws_dynamodb_table",
      "name": "this",
      "provider": "provider[\"registry.terraform.io/hashicorp/aws\"]",
      "instances": [
        {
          "schema_version": 1,
          "attributes": {
            "arn": "arn:aws:dynamodb:eu-north-1:730335513786:table/candidate-5-inventory",
            "attribute": [
              {
                "name": "PK",
                "type": "S"
              },
              {
                "name": "SK",
                "type": "S"
              }
            ],
            "billing_mode": "PAY_PER_REQUEST",
            "deletion_protection_enabled": false,
            "global_secondary_index": [],
            "hash_key": "PK",
            "id": "candidate-5-inventory",
            "import_table": [],
            "local_secondary_index": [],
            "name": "candidate-5-inventory",
            "point_in_time_recovery": [
              {
                "enabled": true
              }
            ],
            "range_key": "SK",
            "read_capacity": 0,
            "replica": [],
            "restore_date_time": null,
            "restore_source_name": null,
            "restore_to_latest_time": null,
            "server_side_encryption": [],
            "stream_arn": "",
            "stream_enabled": false,
            "stream_label": "",
            "stream_view_type": "",
            "table_class": "STANDARD",
            "tags": {},
            "tags_all": {},
            "timeouts": null,
            "ttl": [
              {
                "attribute_name": "",
                "enabled": false
              }
            ],
            "write_capacity": 0
          },
          "sensitive_attributes": [],
          "private": "eyJlMmJmYjczMC1lY2FhLTExZTYtOGY4OC0zNDM2M2JjN2M0YzAiOnsiY3JlYXRlIjoxODAwMDAwMDAwMDAwLCJkZWxldGUiOjYwMDAwMDAwMDAwMCwidXBkYXRlIjozNjAwMDAwMDAwMDAwfSwic2NoZW1hX3ZlcnNpb24iOiIxIn0="
        }
      ]
    },
    {
      "module": "module.dynamodb_issues_reported_by_user",
      "mode": "managed",
      "type": "aws_dynamodb_table",
      "name": "this",
      "provider": "provider[\"registry.terraform.io/hashicorp/aws\"]",
      "instances": [
        {
          "schema_version": 1,
          "attributes": {
            "arn": "arn:aws:dynamodb:eu-north-1:730335513786:table/candidate-5-issues-reported-by-user",
            "attribute": [
              {
                "name": "PK",
                "type": "S"
              },
              {
                "name": "SK",
                "type": "S"
              }
            ],
            "billing_mode": "PAY_PER_REQUEST",
            "deletion_protection_enabled": false,
            "global_secondary_index": [],
            "hash_key": "PK",
            "id": "candidate-5-issues-reported-by-user",
            "import_table": [],
            "local_secondary_index": [],
            "name": "candidate-5-issues-reported-by-user",
            "point_in_time_recovery": [
              {
                "enabled": true
              }
            ],
            "range_key": "SK",
            "read_capacity": 0,
            "replica": [],
            "restore_date_time": null,
            "restore_source_name": null,
            "restore_to_latest_time": null,
            "server_side_encryption": [],
            "stream_arn": "",
            "stream_enabled": false,
            "stream_label": "",
            "stream_view_type": "",
            "table_class": "STANDARD",
            "tags": {},
            "tags_all": {},
            "timeouts": null,
            "ttl": [
              {
                "attribute_name": "",
                "enabled": false
              }
            ],
            "write_capacity": 0
          },
          "sensitive_attributes": [],
          "private": "eyJlMmJmYjczMC1lY2FhLTExZTYtOGY4OC0zNDM2M2JjN2M0YzAiOnsiY3JlYXRlIjoxODAwMDAwMDAwMDAwLCJkZWxldGUiOjYwMDAwMDAwMDAwMCwidXBkYXRlIjozNjAwMDAwMDAwMDAwfSwic2NoZW1hX3ZlcnNpb24iOiIxIn0="
        }
      ]
    },
    {
      "module": "module.iam",
      "mode": "managed",
      "type": "aws_iam_policy",
      "name": "lambda_policy",
      "provider": "provider[\"registry.terraform.io/hashicorp/aws\"]",
      "instances": [
        {
          "schema_version": 0,
          "attributes": {
            "arn": "arn:aws:iam::730335513786:policy/candidate-5-lambda_policy_dev",
            "description": "IAM policy for Lambda to access EC2, DynamoDB, RDS, S3, and AWS Config",
            "id": "arn:aws:iam::730335513786:policy/candidate-5-lambda_policy_dev",
            "name": "candidate-5-lambda_policy_dev",
            "name_prefix": "",
            "path": "/",
            "policy": "{\"Statement\":[{\"Action\":[\"ec2:*\",\"dynamodb:*\",\"lambda:*\",\"rds:*\",\"s3:*\",\"config:*\",\"iam:*\",\"logs:*\",\"elasticloadbalancing:*\"],\"Effect\":\"Allow\",\"Resource\":\"*\"},{\"Action\":\"config:DescribeComplianceByConfigRule\",\"Effect\":\"Allow\",\"Resource\":\"arn:aws:config:*:*:config-rule/*\"}],\"Version\":\"2012-10-17\"}",
            "policy_id": "ANPA2UC3DRS5FGYTA3LDR",
            "tags": {},
            "tags_all": {}
          },
          "sensitive_attributes": [],
          "private": "bnVsbA=="
        }
      ]
    },
    {
      "module": "module.iam",
      "mode": "managed",
      "type": "aws_iam_role",
      "name": "lambda_execution_role",
      "provider": "provider[\"registry.terraform.io/hashicorp/aws\"]",
      "instances": [
        {
          "schema_version": 0,
          "attributes": {
            "arn": "arn:aws:iam::730335513786:role/candidate-5-lambda_execution_role_dev",
            "assume_role_policy": "{\"Statement\":[{\"Action\":\"sts:AssumeRole\",\"Effect\":\"Allow\",\"Principal\":{\"Service\":\"lambda.amazonaws.com\"},\"Sid\":\"\"}],\"Version\":\"2012-10-17\"}",
            "create_date": "2024-04-13T18:05:14Z",
            "description": "",
            "force_detach_policies": false,
            "id": "candidate-5-lambda_execution_role_dev",
            "inline_policy": [],
            "managed_policy_arns": [
              "arn:aws:iam::730335513786:policy/candidate-5-lambda_policy_dev"
            ],
            "max_session_duration": 3600,
            "name": "candidate-5-lambda_execution_role_dev",
            "name_prefix": "",
            "path": "/",
            "permissions_boundary": "",
            "tags": {},
            "tags_all": {},
            "unique_id": "AROA2UC3DRS5FAO55IRYF"
          },
          "sensitive_attributes": [],
          "private": "bnVsbA=="
        }
      ]
    },
    {
      "module": "module.iam",
      "mode": "managed",
      "type": "aws_iam_role_policy_attachment",
      "name": "lambda_policy_attachment",
      "provider": "provider[\"registry.terraform.io/hashicorp/aws\"]",
      "instances": [
        {
          "schema_version": 0,
          "attributes": {
            "id": "candidate-5-lambda_execution_role_dev-20240413180514909100000001",
            "policy_arn": "arn:aws:iam::730335513786:policy/candidate-5-lambda_policy_dev",
            "role": "candidate-5-lambda_execution_role_dev"
          },
          "sensitive_attributes": [],
          "private": "bnVsbA==",
          "dependencies": [
            "module.iam.aws_iam_policy.lambda_policy",
            "module.iam.aws_iam_role.lambda_execution_role"
          ]
        }
      ]
    },
    {
      "module": "module.lambda",
      "mode": "managed",
      "type": "aws_lambda_function",
      "name": "this",
      "provider": "provider[\"registry.terraform.io/hashicorp/aws\"]",
      "instances": [
        {
          "schema_version": 0,
          "attributes": {
            "architectures": [
              "x86_64"
            ],
            "arn": "arn:aws:lambda:eu-north-1:730335513786:function:candidate-5-InventoryLambdaFunction",
            "code_signing_config_arn": "",
            "dead_letter_config": [],
            "description": "",
            "environment": [
              {
                "variables": {
                  "DYNAMODB_TABLE_NAME": "candidate-5-inventory"
                }
              }
            ],
            "ephemeral_storage": [
              {
                "size": 512
              }
            ],
            "file_system_config": [],
            "filename": null,
            "function_name": "candidate-5-InventoryLambdaFunction",
            "handler": "candidate-5-lambda.handler",
            "id": "candidate-5-InventoryLambdaFunction",
            "image_config": [],
            "image_uri": "",
            "invoke_arn": "arn:aws:apigateway:eu-north-1:lambda:path/2015-03-31/functions/arn:aws:lambda:eu-north-1:730335513786:function:candidate-5-InventoryLambdaFunction/invocations",
            "kms_key_arn": "",
            "last_modified": "2024-04-14T00:07:04.000+0000",
            "layers": [],
            "logging_config": [
              {
                "application_log_level": "",
                "log_format": "Text",
                "log_group": "/aws/lambda/candidate-5-InventoryLambdaFunction",
                "system_log_level": ""
              }
            ],
            "memory_size": 128,
            "package_type": "Zip",
            "publish": false,
            "qualified_arn": "arn:aws:lambda:eu-north-1:730335513786:function:candidate-5-InventoryLambdaFunction:$LATEST",
            "qualified_invoke_arn": "arn:aws:apigateway:eu-north-1:lambda:path/2015-03-31/functions/arn:aws:lambda:eu-north-1:730335513786:function:candidate-5-InventoryLambdaFunction:$LATEST/invocations",
            "replace_security_groups_on_destroy": null,
            "replacement_security_group_ids": null,
            "reserved_concurrent_executions": -1,
            "role": "arn:aws:iam::730335513786:role/candidate-5-lambda_execution_role_dev",
            "runtime": "nodejs20.x",
            "s3_bucket": "candidate-5-bucket",
            "s3_key": "candidate-5-lambda.zip",
            "s3_object_version": null,
            "signing_job_arn": "",
            "signing_profile_version_arn": "",
            "skip_destroy": false,
            "snap_start": [],
            "source_code_hash": "7DtXBMny2HKoyfIc82qIjnNoMdVsDQ9AP7/phMzXyes=",
            "source_code_size": 5404,
            "tags": {},
            "tags_all": {},
            "timeout": 300,
            "timeouts": null,
            "tracing_config": [
              {
                "mode": "PassThrough"
              }
            ],
            "version": "$LATEST",
            "vpc_config": []
          },
          "sensitive_attributes": [],
          "private": "eyJlMmJmYjczMC1lY2FhLTExZTYtOGY4OC0zNDM2M2JjN2M0YzAiOnsiY3JlYXRlIjo2MDAwMDAwMDAwMDAsImRlbGV0ZSI6NjAwMDAwMDAwMDAwLCJ1cGRhdGUiOjYwMDAwMDAwMDAwMH19",
          "dependencies": [
            "module.iam.aws_iam_role.lambda_execution_role",
            "module.s3_lambda_code.aws_s3_bucket.lambda_code",
            "module.s3_lambda_code.aws_s3_bucket_server_side_encryption_configuration.lambda_code_sse",
            "module.s3_lambda_code.aws_s3_bucket_versioning.lambda_code_versioning"
          ]
        }
      ]
    },
    {
      "module": "module.s3_lambda_code",
      "mode": "managed",
      "type": "aws_s3_bucket",
      "name": "lambda_code",
      "provider": "provider[\"registry.terraform.io/hashicorp/aws\"]",
      "instances": [
        {
          "schema_version": 0,
          "attributes": {
            "acceleration_status": "",
            "acl": null,
            "arn": "arn:aws:s3:::candidate-5-bucket",
            "bucket": "candidate-5-bucket",
            "bucket_domain_name": "candidate-5-bucket.s3.amazonaws.com",
            "bucket_prefix": "",
            "bucket_regional_domain_name": "candidate-5-bucket.s3.eu-north-1.amazonaws.com",
            "cors_rule": [],
            "force_destroy": false,
            "grant": [
              {
                "id": "a7a9d0467a729db53b2e816ce790786807fa3b9e9347adab5f9266c347a2ee33",
                "permissions": [
                  "FULL_CONTROL"
                ],
                "type": "CanonicalUser",
                "uri": ""
              }
            ],
            "hosted_zone_id": "Z3BAZG2TWCNX0D",
            "id": "candidate-5-bucket",
            "lifecycle_rule": [],
            "logging": [],
            "object_lock_configuration": [],
            "object_lock_enabled": false,
            "policy": "",
            "region": "eu-north-1",
            "replication_configuration": [],
            "request_payer": "BucketOwner",
            "server_side_encryption_configuration": [
              {
                "rule": [
                  {
                    "apply_server_side_encryption_by_default": [
                      {
                        "kms_master_key_id": "",
                        "sse_algorithm": "AES256"
                      }
                    ],
                    "bucket_key_enabled": false
                  }
                ]
              }
            ],
            "tags": {
              "Environment": "dev",
              "Name": "candidate-5-bucket"
            },
            "tags_all": {
              "Environment": "dev",
              "Name": "candidate-5-bucket"
            },
            "timeouts": null,
            "versioning": [
              {
                "enabled": true,
                "mfa_delete": false
              }
            ],
            "website": [],
            "website_domain": null,
            "website_endpoint": null
          },
          "sensitive_attributes": [],
          "private": "eyJlMmJmYjczMC1lY2FhLTExZTYtOGY4OC0zNDM2M2JjN2M0YzAiOnsiY3JlYXRlIjoxMjAwMDAwMDAwMDAwLCJkZWxldGUiOjM2MDAwMDAwMDAwMDAsInJlYWQiOjEyMDAwMDAwMDAwMDAsInVwZGF0ZSI6MTIwMDAwMDAwMDAwMH19"
        }
      ]
    },
    {
      "module": "module.s3_lambda_code",
      "mode": "managed",
      "type": "aws_s3_bucket_server_side_encryption_configuration",
      "name": "lambda_code_sse",
      "provider": "provider[\"registry.terraform.io/hashicorp/aws\"]",
      "instances": [
        {
          "schema_version": 0,
          "attributes": {
            "bucket": "candidate-5-bucket",
            "expected_bucket_owner": "",
            "id": "candidate-5-bucket",
            "rule": [
              {
                "apply_server_side_encryption_by_default": [
                  {
                    "kms_master_key_id": "",
                    "sse_algorithm": "AES256"
                  }
                ],
                "bucket_key_enabled": false
              }
            ]
          },
          "sensitive_attributes": [],
          "private": "bnVsbA==",
          "dependencies": [
            "module.s3_lambda_code.aws_s3_bucket.lambda_code"
          ]
        }
      ]
    },
    {
      "module": "module.s3_lambda_code",
      "mode": "managed",
      "type": "aws_s3_bucket_versioning",
      "name": "lambda_code_versioning",
      "provider": "provider[\"registry.terraform.io/hashicorp/aws\"]",
      "instances": [
        {
          "schema_version": 0,
          "attributes": {
            "bucket": "candidate-5-bucket",
            "expected_bucket_owner": "",
            "id": "candidate-5-bucket",
            "mfa": null,
            "versioning_configuration": [
              {
                "mfa_delete": "",
                "status": "Enabled"
              }
            ]
          },
          "sensitive_attributes": [],
          "private": "bnVsbA==",
          "dependencies": [
            "module.s3_lambda_code.aws_s3_bucket.lambda_code"
          ]
        }
      ]
    }
  ],
  "check_results": null
}
